
Microsoft Visual Studio Solution File, Format Version 12.00
# Visual Studio 15
VisualStudioVersion = 15.0.27130.2026
MinimumVisualStudioVersion = 10.0.40219.1
Project("{FAE04EC0-301F-11D3-BF4B-00C04F79EFBC}") = "BulksignAndroidHybrid", "BulksignAndroidHybrid.csproj", "{8B4AC2BE-F71C-4005-89FF-C543C81F0FAB}"
EndProject
Global
	GlobalSection(SolutionConfigurationPlatforms) = preSolution
		Debug|Any CPU = Debug|Any CPU
		Release|Any CPU = Release|Any CPU
	EndGlobalSection
	GlobalSection(ProjectConfigurationPlatforms) = postSolution
		{8B4AC2BE-F71C-4005-89FF-C543C81F0FAB}.Debug|Any CPU.ActiveCfg = Debug|Any CPU
		{8B4AC2BE-F71C-4005-89FF-C543C81F0FAB}.Debug|Any CPU.Build.0 = Debug|Any CPU
		{8B4AC2BE-F71C-4005-89FF-C543C81F0FAB}.Debug|Any CPU.Deploy.0 = Debug|Any CPU
		{8B4AC2BE-F71C-4005-89FF-C543C81F0FAB}.Release|Any CPU.ActiveCfg = Release|Any CPU
		{8B4AC2BE-F71C-4005-89FF-C543C81F0FAB}.Release|Any CPU.Build.0 = Release|Any CPU
		{8B4AC2BE-F71C-4005-89FF-C543C81F0FAB}.Release|Any CPU.Deploy.0 = Release|Any CPU
	EndGlobalSection
	GlobalSection(SolutionProperties) = preSolution
		HideSolutionNode = FALSE
	EndGlobalSection
	GlobalSection(ExtensibilityGlobals) = postSolution
		SolutionGuid = {119393A4-1C5D-45BA-B7D9-E75DB8ECE1AB}
	EndGlobalSection
EndGlobal
